{
    "version": 3,
    "terraform_version": "0.11.3",
    "serial": 74,
    "lineage": "daa201a3-83bc-4c32-ba46-ae6fd6025c75",
    "modules": [
        {
            "path": [
                "root"
            ],
            "outputs": {},
            "resources": {
                "aws_elb.app-kudz": {
                    "type": "aws_elb",
                    "depends_on": [
                        "module.app-tier"
                    ],
                    "primary": {
                        "id": "kudzai-terraform-elb",
                        "attributes": {
                            "access_logs.#": "0",
                            "arn": "arn:aws:elasticloadbalancing:eu-west-1:135928476890:loadbalancer/kudzai-terraform-elb",
                            "availability_zones.#": "1",
                            "availability_zones.1924028850": "eu-west-1b",
                            "connection_draining": "true",
                            "connection_draining_timeout": "400",
                            "cross_zone_load_balancing": "true",
                            "dns_name": "kudzai-terraform-elb-556116517.eu-west-1.elb.amazonaws.com",
                            "health_check.#": "1",
                            "health_check.0.healthy_threshold": "2",
                            "health_check.0.interval": "10",
                            "health_check.0.target": "HTTP:80/",
                            "health_check.0.timeout": "3",
                            "health_check.0.unhealthy_threshold": "2",
                            "id": "kudzai-terraform-elb",
                            "idle_timeout": "400",
                            "instances.#": "2",
                            "instances.1000175039": "i-0e0549d9d37747fed",
                            "instances.2621999711": "i-0adc45209e25d9690",
                            "internal": "false",
                            "listener.#": "1",
                            "listener.3057123346.instance_port": "80",
                            "listener.3057123346.instance_protocol": "http",
                            "listener.3057123346.lb_port": "80",
                            "listener.3057123346.lb_protocol": "http",
                            "listener.3057123346.ssl_certificate_id": "",
                            "name": "kudzai-terraform-elb",
                            "security_groups.#": "1",
                            "security_groups.446415655": "sg-7f158905",
                            "source_security_group": "135928476890/app-kudz",
                            "source_security_group_id": "sg-7f158905",
                            "subnets.#": "1",
                            "subnets.2624983654": "subnet-b75d98d1",
                            "tags.%": "1",
                            "tags.Name": "kudzai-terraform-elb",
                            "zone_id": "Z32O12XQLNTSW2"
                        },
                        "meta": {},
                        "tainted": false
                    },
                    "deposed": [],
                    "provider": "provider.aws"
                },
                "aws_internet_gateway.gw": {
                    "type": "aws_internet_gateway",
                    "depends_on": [
                        "aws_vpc.vpc-kudz"
                    ],
                    "primary": {
                        "id": "igw-d9fc77be",
                        "attributes": {
                            "id": "igw-d9fc77be",
                            "tags.%": "1",
                            "tags.Name": "gw",
                            "vpc_id": "vpc-b8da74de"
                        },
                        "meta": {},
                        "tainted": false
                    },
                    "deposed": [],
                    "provider": "provider.aws"
                },
                "aws_route_table.public-kudz": {
                    "type": "aws_route_table",
                    "depends_on": [
                        "aws_internet_gateway.gw",
                        "aws_vpc.vpc-kudz"
                    ],
                    "primary": {
                        "id": "rtb-b852acc1",
                        "attributes": {
                            "id": "rtb-b852acc1",
                            "propagating_vgws.#": "0",
                            "route.#": "1",
                            "route.183110192.cidr_block": "0.0.0.0/0",
                            "route.183110192.egress_only_gateway_id": "",
                            "route.183110192.gateway_id": "igw-d9fc77be",
                            "route.183110192.instance_id": "",
                            "route.183110192.ipv6_cidr_block": "",
                            "route.183110192.nat_gateway_id": "",
                            "route.183110192.network_interface_id": "",
                            "route.183110192.vpc_peering_connection_id": "",
                            "tags.%": "1",
                            "tags.Name": "public-kudz",
                            "vpc_id": "vpc-b8da74de"
                        },
                        "meta": {},
                        "tainted": false
                    },
                    "deposed": [],
                    "provider": "provider.aws"
                },
                "aws_vpc.vpc-kudz": {
                    "type": "aws_vpc",
                    "depends_on": [],
                    "primary": {
                        "id": "vpc-b8da74de",
                        "attributes": {
                            "assign_generated_ipv6_cidr_block": "false",
                            "cidr_block": "10.3.0.0/16",
                            "default_network_acl_id": "acl-e6bee180",
                            "default_route_table_id": "rtb-3b52ac42",
                            "default_security_group_id": "sg-19158963",
                            "dhcp_options_id": "dopt-18d5d77d",
                            "enable_classiclink": "false",
                            "enable_classiclink_dns_support": "false",
                            "enable_dns_hostnames": "false",
                            "enable_dns_support": "true",
                            "id": "vpc-b8da74de",
                            "instance_tenancy": "default",
                            "main_route_table_id": "rtb-3b52ac42",
                            "tags.%": "1",
                            "tags.Name": "kudzai-app"
                        },
                        "meta": {
                            "schema_version": "1"
                        },
                        "tainted": false
                    },
                    "deposed": [],
                    "provider": "provider.aws"
                },
                "data.template_file.app_init": {
                    "type": "template_file",
                    "depends_on": [
                        "module.db-tier"
                    ],
                    "primary": {
                        "id": "6be49b6406f19c4290dc8ab5e002bad9d38f021eed304c16fe3dbd8af566bc75",
                        "attributes": {
                            "id": "6be49b6406f19c4290dc8ab5e002bad9d38f021eed304c16fe3dbd8af566bc75",
                            "rendered": "#!/bin/bash\n\n\ncd /home/ubuntu/app\nexport DB_HOST=mongodb://10.3.1.185:27017 \nnode app.js",
                            "template": "#!/bin/bash\n\n\ncd /home/ubuntu/app\nexport DB_HOST=mongodb://${private_ip}:27017 \nnode app.js",
                            "vars.%": "1",
                            "vars.private_ip": "10.3.1.185"
                        },
                        "meta": {},
                        "tainted": false
                    },
                    "deposed": [],
                    "provider": "provider.template"
                }
            },
            "depends_on": []
        },
        {
            "path": [
                "root",
                "app-tier"
            ],
            "outputs": {
                "app_id": {
                    "sensitive": false,
                    "type": "list",
                    "value": [
                        "i-0e0549d9d37747fed",
                        "i-0adc45209e25d9690"
                    ]
                },
                "db_ip": {
                    "sensitive": false,
                    "type": "string",
                    "value": "10.3.0.126"
                },
                "sec_group": {
                    "sensitive": false,
                    "type": "string",
                    "value": "sg-7f158905"
                },
                "sub_n": {
                    "sensitive": false,
                    "type": "string",
                    "value": "subnet-b75d98d1"
                },
                "subnet_cidr_block": {
                    "sensitive": false,
                    "type": "string",
                    "value": "10.3.0.0/24"
                }
            },
            "resources": {
                "aws_instance.app-kudz.0": {
                    "type": "aws_instance",
                    "depends_on": [
                        "aws_security_group.sg_kudz",
                        "aws_subnet.app-kudz"
                    ],
                    "primary": {
                        "id": "i-0e0549d9d37747fed",
                        "attributes": {
                            "ami": "ami-0cbfd475",
                            "associate_public_ip_address": "true",
                            "availability_zone": "eu-west-1b",
                            "disable_api_termination": "false",
                            "ebs_block_device.#": "0",
                            "ebs_optimized": "false",
                            "ephemeral_block_device.#": "0",
                            "iam_instance_profile": "",
                            "id": "i-0e0549d9d37747fed",
                            "instance_state": "running",
                            "instance_type": "t2.micro",
                            "ipv6_addresses.#": "0",
                            "key_name": "",
                            "monitoring": "false",
                            "network_interface.#": "0",
                            "network_interface_id": "eni-0cd26a2d",
                            "placement_group": "",
                            "primary_network_interface_id": "eni-0cd26a2d",
                            "private_dns": "ip-10-3-0-126.eu-west-1.compute.internal",
                            "private_ip": "10.3.0.126",
                            "public_dns": "",
                            "public_ip": "34.241.24.13",
                            "root_block_device.#": "1",
                            "root_block_device.0.delete_on_termination": "true",
                            "root_block_device.0.iops": "100",
                            "root_block_device.0.volume_id": "vol-0b1df081144987b0b",
                            "root_block_device.0.volume_size": "8",
                            "root_block_device.0.volume_type": "gp2",
                            "security_groups.#": "0",
                            "source_dest_check": "true",
                            "subnet_id": "subnet-b75d98d1",
                            "tags.%": "1",
                            "tags.Name": "app-kudz",
                            "tenancy": "default",
                            "user_data": "a1b28635e7c47a8ca8e63b8f6d80930f9dd0a080",
                            "volume_tags.%": "0",
                            "vpc_security_group_ids.#": "1",
                            "vpc_security_group_ids.446415655": "sg-7f158905"
                        },
                        "meta": {
                            "e2bfb730-ecaa-11e6-8f88-34363bc7c4c0": {
                                "create": 600000000000,
                                "delete": 600000000000,
                                "update": 600000000000
                            },
                            "schema_version": "1"
                        },
                        "tainted": false
                    },
                    "deposed": [],
                    "provider": "provider.aws"
                },
                "aws_instance.app-kudz.1": {
                    "type": "aws_instance",
                    "depends_on": [
                        "aws_security_group.sg_kudz",
                        "aws_subnet.app-kudz"
                    ],
                    "primary": {
                        "id": "i-0adc45209e25d9690",
                        "attributes": {
                            "ami": "ami-0cbfd475",
                            "associate_public_ip_address": "true",
                            "availability_zone": "eu-west-1b",
                            "disable_api_termination": "false",
                            "ebs_block_device.#": "0",
                            "ebs_optimized": "false",
                            "ephemeral_block_device.#": "0",
                            "iam_instance_profile": "",
                            "id": "i-0adc45209e25d9690",
                            "instance_state": "running",
                            "instance_type": "t2.micro",
                            "ipv6_addresses.#": "0",
                            "key_name": "",
                            "monitoring": "false",
                            "network_interface.#": "0",
                            "network_interface_id": "eni-dfd26afe",
                            "placement_group": "",
                            "primary_network_interface_id": "eni-dfd26afe",
                            "private_dns": "ip-10-3-0-59.eu-west-1.compute.internal",
                            "private_ip": "10.3.0.59",
                            "public_dns": "",
                            "public_ip": "34.243.195.154",
                            "root_block_device.#": "1",
                            "root_block_device.0.delete_on_termination": "true",
                            "root_block_device.0.iops": "100",
                            "root_block_device.0.volume_id": "vol-0c9d5fd467b7e9378",
                            "root_block_device.0.volume_size": "8",
                            "root_block_device.0.volume_type": "gp2",
                            "security_groups.#": "0",
                            "source_dest_check": "true",
                            "subnet_id": "subnet-b75d98d1",
                            "tags.%": "1",
                            "tags.Name": "app-kudz",
                            "tenancy": "default",
                            "user_data": "a1b28635e7c47a8ca8e63b8f6d80930f9dd0a080",
                            "volume_tags.%": "0",
                            "vpc_security_group_ids.#": "1",
                            "vpc_security_group_ids.446415655": "sg-7f158905"
                        },
                        "meta": {
                            "e2bfb730-ecaa-11e6-8f88-34363bc7c4c0": {
                                "create": 600000000000,
                                "delete": 600000000000,
                                "update": 600000000000
                            },
                            "schema_version": "1"
                        },
                        "tainted": false
                    },
                    "deposed": [],
                    "provider": "provider.aws"
                },
                "aws_route_table_association.kudzai-app": {
                    "type": "aws_route_table_association",
                    "depends_on": [
                        "aws_subnet.app-kudz"
                    ],
                    "primary": {
                        "id": "rtbassoc-891291f1",
                        "attributes": {
                            "id": "rtbassoc-891291f1",
                            "route_table_id": "rtb-b852acc1",
                            "subnet_id": "subnet-b75d98d1"
                        },
                        "meta": {},
                        "tainted": false
                    },
                    "deposed": [],
                    "provider": "provider.aws"
                },
                "aws_security_group.sg_kudz": {
                    "type": "aws_security_group",
                    "depends_on": [],
                    "primary": {
                        "id": "sg-7f158905",
                        "attributes": {
                            "description": "Allow all inbound traffic",
                            "egress.#": "1",
                            "egress.482069346.cidr_blocks.#": "1",
                            "egress.482069346.cidr_blocks.0": "0.0.0.0/0",
                            "egress.482069346.description": "",
                            "egress.482069346.from_port": "0",
                            "egress.482069346.ipv6_cidr_blocks.#": "0",
                            "egress.482069346.prefix_list_ids.#": "0",
                            "egress.482069346.protocol": "-1",
                            "egress.482069346.security_groups.#": "0",
                            "egress.482069346.self": "false",
                            "egress.482069346.to_port": "0",
                            "id": "sg-7f158905",
                            "ingress.#": "1",
                            "ingress.2214680975.cidr_blocks.#": "1",
                            "ingress.2214680975.cidr_blocks.0": "0.0.0.0/0",
                            "ingress.2214680975.description": "",
                            "ingress.2214680975.from_port": "80",
                            "ingress.2214680975.ipv6_cidr_blocks.#": "0",
                            "ingress.2214680975.protocol": "tcp",
                            "ingress.2214680975.security_groups.#": "0",
                            "ingress.2214680975.self": "false",
                            "ingress.2214680975.to_port": "80",
                            "name": "app-kudz",
                            "owner_id": "135928476890",
                            "revoke_rules_on_delete": "false",
                            "tags.%": "1",
                            "tags.Name": "app-kudz",
                            "vpc_id": "vpc-b8da74de"
                        },
                        "meta": {
                            "schema_version": "1"
                        },
                        "tainted": false
                    },
                    "deposed": [],
                    "provider": "provider.aws"
                },
                "aws_security_group_rule.rule": {
                    "type": "aws_security_group_rule",
                    "depends_on": [
                        "aws_security_group.sg_kudz"
                    ],
                    "primary": {
                        "id": "sgrule-3094021444",
                        "attributes": {
                            "cidr_blocks.#": "1",
                            "cidr_blocks.0": "0.0.0.0/0",
                            "description": "",
                            "from_port": "80",
                            "id": "sgrule-3094021444",
                            "ipv6_cidr_blocks.#": "0",
                            "prefix_list_ids.#": "0",
                            "protocol": "tcp",
                            "security_group_id": "sg-7f158905",
                            "self": "false",
                            "to_port": "80",
                            "type": "ingress"
                        },
                        "meta": {
                            "schema_version": "2"
                        },
                        "tainted": false
                    },
                    "deposed": [],
                    "provider": "provider.aws"
                },
                "aws_subnet.app-kudz": {
                    "type": "aws_subnet",
                    "depends_on": [],
                    "primary": {
                        "id": "subnet-b75d98d1",
                        "attributes": {
                            "assign_ipv6_address_on_creation": "false",
                            "availability_zone": "eu-west-1b",
                            "cidr_block": "10.3.0.0/24",
                            "id": "subnet-b75d98d1",
                            "map_public_ip_on_launch": "true",
                            "tags.%": "1",
                            "tags.Name": "app-kudz",
                            "vpc_id": "vpc-b8da74de"
                        },
                        "meta": {
                            "schema_version": "1"
                        },
                        "tainted": false
                    },
                    "deposed": [],
                    "provider": "provider.aws"
                }
            },
            "depends_on": []
        },
        {
            "path": [
                "root",
                "db-tier"
            ],
            "outputs": {
                "app_id": {
                    "sensitive": false,
                    "type": "list",
                    "value": [
                        "i-03ac77f6740256619"
                    ]
                },
                "db_ip": {
                    "sensitive": false,
                    "type": "string",
                    "value": "10.3.1.185"
                },
                "sec_group": {
                    "sensitive": false,
                    "type": "string",
                    "value": "sg-cb60fcb1"
                },
                "sub_n": {
                    "sensitive": false,
                    "type": "string",
                    "value": "subnet-3b292f60"
                },
                "subnet_cidr_block": {
                    "sensitive": false,
                    "type": "string",
                    "value": "10.3.1.0/24"
                }
            },
            "resources": {
                "aws_instance.app-kudz": {
                    "type": "aws_instance",
                    "depends_on": [
                        "aws_security_group.sg_kudz",
                        "aws_subnet.app-kudz"
                    ],
                    "primary": {
                        "id": "i-03ac77f6740256619",
                        "attributes": {
                            "ami": "ami-6a84ef13",
                            "associate_public_ip_address": "true",
                            "availability_zone": "eu-west-1a",
                            "disable_api_termination": "false",
                            "ebs_block_device.#": "0",
                            "ebs_optimized": "false",
                            "ephemeral_block_device.#": "0",
                            "iam_instance_profile": "",
                            "id": "i-03ac77f6740256619",
                            "instance_state": "running",
                            "instance_type": "t2.micro",
                            "ipv6_addresses.#": "0",
                            "key_name": "",
                            "monitoring": "false",
                            "network_interface.#": "0",
                            "network_interface_id": "eni-66699563",
                            "placement_group": "",
                            "primary_network_interface_id": "eni-66699563",
                            "private_dns": "ip-10-3-1-185.eu-west-1.compute.internal",
                            "private_ip": "10.3.1.185",
                            "public_dns": "",
                            "public_ip": "54.194.151.0",
                            "root_block_device.#": "1",
                            "root_block_device.0.delete_on_termination": "true",
                            "root_block_device.0.iops": "100",
                            "root_block_device.0.volume_id": "vol-047fdd75841eb8cb7",
                            "root_block_device.0.volume_size": "8",
                            "root_block_device.0.volume_type": "gp2",
                            "security_groups.#": "0",
                            "source_dest_check": "true",
                            "subnet_id": "subnet-3b292f60",
                            "tags.%": "1",
                            "tags.Name": "db-kudz",
                            "tenancy": "default",
                            "user_data": "da39a3ee5e6b4b0d3255bfef95601890afd80709",
                            "volume_tags.%": "0",
                            "vpc_security_group_ids.#": "1",
                            "vpc_security_group_ids.793021944": "sg-cb60fcb1"
                        },
                        "meta": {
                            "e2bfb730-ecaa-11e6-8f88-34363bc7c4c0": {
                                "create": 600000000000,
                                "delete": 600000000000,
                                "update": 600000000000
                            },
                            "schema_version": "1"
                        },
                        "tainted": false
                    },
                    "deposed": [],
                    "provider": "provider.aws"
                },
                "aws_route_table_association.kudzai-app": {
                    "type": "aws_route_table_association",
                    "depends_on": [
                        "aws_subnet.app-kudz"
                    ],
                    "primary": {
                        "id": "rtbassoc-800e8df8",
                        "attributes": {
                            "id": "rtbassoc-800e8df8",
                            "route_table_id": "rtb-b852acc1",
                            "subnet_id": "subnet-3b292f60"
                        },
                        "meta": {},
                        "tainted": false
                    },
                    "deposed": [],
                    "provider": "provider.aws"
                },
                "aws_security_group.sg_kudz": {
                    "type": "aws_security_group",
                    "depends_on": [],
                    "primary": {
                        "id": "sg-cb60fcb1",
                        "attributes": {
                            "description": "Allow all inbound traffic",
                            "egress.#": "1",
                            "egress.482069346.cidr_blocks.#": "1",
                            "egress.482069346.cidr_blocks.0": "0.0.0.0/0",
                            "egress.482069346.description": "",
                            "egress.482069346.from_port": "0",
                            "egress.482069346.ipv6_cidr_blocks.#": "0",
                            "egress.482069346.prefix_list_ids.#": "0",
                            "egress.482069346.protocol": "-1",
                            "egress.482069346.security_groups.#": "0",
                            "egress.482069346.self": "false",
                            "egress.482069346.to_port": "0",
                            "id": "sg-cb60fcb1",
                            "ingress.#": "1",
                            "ingress.2702829419.cidr_blocks.#": "1",
                            "ingress.2702829419.cidr_blocks.0": "10.3.0.0/24",
                            "ingress.2702829419.description": "",
                            "ingress.2702829419.from_port": "27017",
                            "ingress.2702829419.ipv6_cidr_blocks.#": "0",
                            "ingress.2702829419.protocol": "tcp",
                            "ingress.2702829419.security_groups.#": "0",
                            "ingress.2702829419.self": "false",
                            "ingress.2702829419.to_port": "27017",
                            "name": "db-kudz",
                            "owner_id": "135928476890",
                            "revoke_rules_on_delete": "false",
                            "tags.%": "1",
                            "tags.Name": "db-kudz",
                            "vpc_id": "vpc-b8da74de"
                        },
                        "meta": {
                            "schema_version": "1"
                        },
                        "tainted": false
                    },
                    "deposed": [],
                    "provider": "provider.aws"
                },
                "aws_security_group_rule.rule": {
                    "type": "aws_security_group_rule",
                    "depends_on": [
                        "aws_security_group.sg_kudz"
                    ],
                    "primary": {
                        "id": "sgrule-646194864",
                        "attributes": {
                            "cidr_blocks.#": "1",
                            "cidr_blocks.0": "10.3.0.0/24",
                            "description": "",
                            "from_port": "27017",
                            "id": "sgrule-646194864",
                            "ipv6_cidr_blocks.#": "0",
                            "prefix_list_ids.#": "0",
                            "protocol": "tcp",
                            "security_group_id": "sg-cb60fcb1",
                            "self": "false",
                            "to_port": "27017",
                            "type": "ingress"
                        },
                        "meta": {
                            "schema_version": "2"
                        },
                        "tainted": false
                    },
                    "deposed": [],
                    "provider": "provider.aws"
                },
                "aws_subnet.app-kudz": {
                    "type": "aws_subnet",
                    "depends_on": [],
                    "primary": {
                        "id": "subnet-3b292f60",
                        "attributes": {
                            "assign_ipv6_address_on_creation": "false",
                            "availability_zone": "eu-west-1a",
                            "cidr_block": "10.3.1.0/24",
                            "id": "subnet-3b292f60",
                            "map_public_ip_on_launch": "true",
                            "tags.%": "1",
                            "tags.Name": "db-kudz",
                            "vpc_id": "vpc-b8da74de"
                        },
                        "meta": {
                            "schema_version": "1"
                        },
                        "tainted": false
                    },
                    "deposed": [],
                    "provider": "provider.aws"
                }
            },
            "depends_on": []
        }
    ]
}
